
Microsoft Visual Studio Solution File, Format Version 12.00
# Visual Studio Version 17
VisualStudioVersion = 17.8.34322.80
MinimumVisualStudioVersion = 10.0.40219.1
Project("{9A19103F-16F7-4668-BE54-9A1E7A4F7556}") = "BulkyWeb", "BulkyWeb\BulkyWeb.csproj", "{45226907-4952-46C3-B14A-B10B51ACF842}"
EndProject
Project("{FAE04EC0-301F-11D3-BF4B-00C04F79EFBC}") = "BulkyWebRazor_temp", "BulkyWebRazor_temp\BulkyWebRazor_temp.csproj", "{31B65D6E-0050-47AC-8A5D-B9C300779796}"
EndProject
Global
	GlobalSection(SolutionConfigurationPlatforms) = preSolution
		Debug|Any CPU = Debug|Any CPU
		Release|Any CPU = Release|Any CPU
	EndGlobalSection
	GlobalSection(ProjectConfigurationPlatforms) = postSolution
		{45226907-4952-46C3-B14A-B10B51ACF842}.Debug|Any CPU.ActiveCfg = Debug|Any CPU
		{45226907-4952-46C3-B14A-B10B51ACF842}.Debug|Any CPU.Build.0 = Debug|Any CPU
		{45226907-4952-46C3-B14A-B10B51ACF842}.Release|Any CPU.ActiveCfg = Release|Any CPU
		{45226907-4952-46C3-B14A-B10B51ACF842}.Release|Any CPU.Build.0 = Release|Any CPU
		{31B65D6E-0050-47AC-8A5D-B9C300779796}.Debug|Any CPU.ActiveCfg = Debug|Any CPU
		{31B65D6E-0050-47AC-8A5D-B9C300779796}.Debug|Any CPU.Build.0 = Debug|Any CPU
		{31B65D6E-0050-47AC-8A5D-B9C300779796}.Release|Any CPU.ActiveCfg = Release|Any CPU
		{31B65D6E-0050-47AC-8A5D-B9C300779796}.Release|Any CPU.Build.0 = Release|Any CPU
	EndGlobalSection
	GlobalSection(SolutionProperties) = preSolution
		HideSolutionNode = FALSE
	EndGlobalSection
	GlobalSection(ExtensibilityGlobals) = postSolution
		SolutionGuid = {16F10A05-B641-496A-A0C4-D3DB01A1D97B}
	EndGlobalSection
EndGlobal
